
Microsoft Visual Studio Solution File, Format Version 12.00
# Visual Studio Version 16
VisualStudioVersion = 16.0.32602.291
MinimumVisualStudioVersion = 10.0.40219.1
Project("{FAE04EC0-301F-11D3-BF4B-00C04F79EFBC}") = "Practice1", "Practice1\Practice1.csproj", "{38D547A2-7FFB-4D02-987D-E4371C3D8D97}"
EndProject
Project("{FAE04EC0-301F-11D3-BF4B-00C04F79EFBC}") = "WpfLibrary1", "WpfLibrary1\WpfLibrary1.csproj", "{C3801D62-0DEA-433F-B61D-D76D58A7B160}"
EndProject
Global
	GlobalSection(SolutionConfigurationPlatforms) = preSolution
		Debug|Any CPU = Debug|Any CPU
		Release|Any CPU = Release|Any CPU
	EndGlobalSection
	GlobalSection(ProjectConfigurationPlatforms) = postSolution
		{38D547A2-7FFB-4D02-987D-E4371C3D8D97}.Debug|Any CPU.ActiveCfg = Debug|Any CPU
		{38D547A2-7FFB-4D02-987D-E4371C3D8D97}.Debug|Any CPU.Build.0 = Debug|Any CPU
		{38D547A2-7FFB-4D02-987D-E4371C3D8D97}.Release|Any CPU.ActiveCfg = Release|Any CPU
		{38D547A2-7FFB-4D02-987D-E4371C3D8D97}.Release|Any CPU.Build.0 = Release|Any CPU
		{C3801D62-0DEA-433F-B61D-D76D58A7B160}.Debug|Any CPU.ActiveCfg = Debug|Any CPU
		{C3801D62-0DEA-433F-B61D-D76D58A7B160}.Debug|Any CPU.Build.0 = Debug|Any CPU
		{C3801D62-0DEA-433F-B61D-D76D58A7B160}.Release|Any CPU.ActiveCfg = Release|Any CPU
		{C3801D62-0DEA-433F-B61D-D76D58A7B160}.Release|Any CPU.Build.0 = Release|Any CPU
	EndGlobalSection
	GlobalSection(SolutionProperties) = preSolution
		HideSolutionNode = FALSE
	EndGlobalSection
	GlobalSection(ExtensibilityGlobals) = postSolution
		SolutionGuid = {D7F5CAE5-2E6B-4FA1-86A9-EDEE7C978F5F}
	EndGlobalSection
EndGlobal
